{
    "_readme": [
        "This file locks the dependencies of your project to a known state",
        "Read more about it at https://getcomposer.org/doc/01-basic-usage.md#composer-lock-the-lock-file",
        "This file is @generated automatically"
    ],
    "content-hash": "bed49a31e2df6c0141e0f04a80d0d64e",
    "packages": [
        {
            "name": "christian-riesen/otp",
            "version": "2.5.0",
            "source": {
                "type": "git",
                "url": "https://github.com/ChristianRiesen/otp.git",
                "reference": "a6c095fb36f6404aa1078d2dfd717aa95c1b5267"
            },
            "dist": {
                "type": "zip",
                "url": "https://api.github.com/repos/ChristianRiesen/otp/zipball/a6c095fb36f6404aa1078d2dfd717aa95c1b5267",
                "reference": "a6c095fb36f6404aa1078d2dfd717aa95c1b5267",
                "shasum": ""
            },
            "require": {
                "paragonie/constant_time_encoding": "^1|^2",
                "paragonie/random_compat": "^1|^2",
                "php": ">=5.4.0",
                "symfony/polyfill-php56": "^1"
            },
            "require-dev": {
                "phpunit/phpunit": "^4.8.35 || ^5.7.11 || ^6.0.5"
            },
            "type": "library",
            "extra": {
                "branch-alias": {
                    "dev-master": "2.x-dev"
                }
            },
            "autoload": {
                "psr-4": {
                    "Otp\\": "src/"
                }
            },
            "notification-url": "https://packagist.org/downloads/",
            "license": [
                "MIT"
            ],
            "authors": [
                {
                    "name": "Christian Riesen",
                    "email": "chris.riesen@gmail.com",
                    "homepage": "http://christianriesen.com",
                    "role": "Developer"
                }
            ],
            "description": "One Time Passwords, hotp and totp according to RFC4226 and RFC6238",
            "homepage": "https://github.com/ChristianRiesen/otp",
            "keywords": [
                "googleauthenticator",
                "hotp",
                "otp",
                "rfc4226",
                "rfc6238",
                "totp"
            ],
            "time": "2017-12-14T11:04:02+00:00"
        },
        {
            "name": "endroid/qrcode",
            "version": "1.7.4",
            "source": {
                "type": "git",
                "url": "https://github.com/endroid/QrCode.git",
                "reference": "ba35ed8f0686bc4ec82874752778ccb427261a41"
            },
            "dist": {
                "type": "zip",
                "url": "https://api.github.com/repos/endroid/QrCode/zipball/ba35ed8f0686bc4ec82874752778ccb427261a41",
                "reference": "ba35ed8f0686bc4ec82874752778ccb427261a41",
                "shasum": ""
            },
            "require": {
                "ext-gd": "*",
                "php": ">=5.3.0",
                "symfony/options-resolver": "^2.3|^3.0"
            },
            "type": "library",
            "extra": {
                "branch-alias": {
                    "dev-master": "1.x-dev"
                }
            },
            "autoload": {
                "psr-4": {
                    "Endroid\\QrCode\\": "src/"
                }
            },
            "notification-url": "https://packagist.org/downloads/",
            "license": [
                "MIT"
            ],
            "authors": [
                {
                    "name": "Jeroen van den Enden",
                    "email": "info@endroid.nl",
                    "homepage": "http://endroid.nl/"
                }
            ],
            "description": "Endroid QR Code",
            "homepage": "https://github.com/endroid/QrCode",
            "keywords": [
                "code",
                "endroid",
                "qr",
                "qrcode"
            ],
            "time": "2016-07-26T09:39:07+00:00"
        },
        {
            "name": "paragonie/constant_time_encoding",
            "version": "v2.2.0",
            "source": {
                "type": "git",
                "url": "https://github.com/paragonie/constant_time_encoding.git",
                "reference": "9e7d88e6e4015c2f06a3fa22f06e1d5faa77e6c4"
            },
            "dist": {
                "type": "zip",
                "url": "https://api.github.com/repos/paragonie/constant_time_encoding/zipball/9e7d88e6e4015c2f06a3fa22f06e1d5faa77e6c4",
                "reference": "9e7d88e6e4015c2f06a3fa22f06e1d5faa77e6c4",
                "shasum": ""
            },
            "require": {
                "php": "^7"
            },
            "require-dev": {
                "phpunit/phpunit": "^6",
                "vimeo/psalm": "^0.3|^1"
            },
            "type": "library",
            "autoload": {
                "psr-4": {
                    "ParagonIE\\ConstantTime\\": "src/"
                }
            },
            "notification-url": "https://packagist.org/downloads/",
            "license": [
                "MIT"
            ],
            "authors": [
                {
                    "name": "Paragon Initiative Enterprises",
                    "email": "security@paragonie.com",
                    "homepage": "https://paragonie.com",
                    "role": "Maintainer"
                },
                {
                    "name": "Steve 'Sc00bz' Thomas",
                    "email": "steve@tobtu.com",
                    "homepage": "https://www.tobtu.com",
                    "role": "Original Developer"
                }
            ],
            "description": "Constant-time Implementations of RFC 4648 Encoding (Base-64, Base-32, Base-16)",
            "keywords": [
                "base16",
                "base32",
                "base32_decode",
                "base32_encode",
                "base64",
                "base64_decode",
                "base64_encode",
                "bin2hex",
                "encoding",
                "hex",
                "hex2bin",
                "rfc4648"
            ],
            "time": "2017-09-22T14:55:37+00:00"
        },
        {
            "name": "paragonie/random_compat",
            "version": "v2.0.11",
            "source": {
                "type": "git",
                "url": "https://github.com/paragonie/random_compat.git",
                "reference": "5da4d3c796c275c55f057af5a643ae297d96b4d8"
            },
            "dist": {
                "type": "zip",
                "url": "https://api.github.com/repos/paragonie/random_compat/zipball/5da4d3c796c275c55f057af5a643ae297d96b4d8",
                "reference": "5da4d3c796c275c55f057af5a643ae297d96b4d8",
                "shasum": ""
            },
            "require": {
                "php": ">=5.2.0"
            },
            "require-dev": {
                "phpunit/phpunit": "4.*|5.*"
            },
            "suggest": {
                "ext-libsodium": "Provides a modern crypto API that can be used to generate random bytes."
            },
            "type": "library",
            "autoload": {
                "files": [
                    "lib/random.php"
                ]
            },
            "notification-url": "https://packagist.org/downloads/",
            "license": [
                "MIT"
            ],
            "authors": [
                {
                    "name": "Paragon Initiative Enterprises",
                    "email": "security@paragonie.com",
                    "homepage": "https://paragonie.com"
                }
            ],
            "description": "PHP 5.x polyfill for random_bytes() and random_int() from PHP 7",
            "keywords": [
                "csprng",
                "pseudorandom",
                "random"
            ],
            "time": "2017-09-27T21:40:39+00:00"
        },
        {
            "name": "symfony/options-resolver",
            "version": "v3.4.2",
            "source": {
                "type": "git",
                "url": "https://github.com/symfony/options-resolver.git",
                "reference": "4576693efc58c022c3fe9f144aa61d204c86ad2c"
            },
            "dist": {
                "type": "zip",
                "url": "https://api.github.com/repos/symfony/options-resolver/zipball/4576693efc58c022c3fe9f144aa61d204c86ad2c",
                "reference": "4576693efc58c022c3fe9f144aa61d204c86ad2c",
                "shasum": ""
            },
            "require": {
                "php": "^5.5.9|>=7.0.8"
            },
            "type": "library",
            "extra": {
                "branch-alias": {
                    "dev-master": "3.4-dev"
                }
            },
            "autoload": {
                "psr-4": {
                    "Symfony\\Component\\OptionsResolver\\": ""
                },
                "exclude-from-classmap": [
                    "/Tests/"
                ]
            },
            "notification-url": "https://packagist.org/downloads/",
            "license": [
                "MIT"
            ],
            "authors": [
                {
                    "name": "Fabien Potencier",
                    "email": "fabien@symfony.com"
                },
                {
                    "name": "Symfony Community",
                    "homepage": "https://symfony.com/contributors"
                }
            ],
            "description": "Symfony OptionsResolver Component",
            "homepage": "https://symfony.com",
            "keywords": [
                "config",
                "configuration",
                "options"
            ],
            "time": "2017-12-14T19:40:10+00:00"
        },
        {
            "name": "symfony/polyfill-php56",
            "version": "v1.6.0",
            "source": {
                "type": "git",
                "url": "https://github.com/symfony/polyfill-php56.git",
                "reference": "265fc96795492430762c29be291a371494ba3a5b"
            },
            "dist": {
                "type": "zip",
                "url": "https://api.github.com/repos/symfony/polyfill-php56/zipball/265fc96795492430762c29be291a371494ba3a5b",
                "reference": "265fc96795492430762c29be291a371494ba3a5b",
                "shasum": ""
            },
            "require": {
                "php": ">=5.3.3",
                "symfony/polyfill-util": "~1.0"
            },
            "type": "library",
            "extra": {
                "branch-alias": {
                    "dev-master": "1.6-dev"
                }
            },
            "autoload": {
                "psr-4": {
                    "Symfony\\Polyfill\\Php56\\": ""
                },
                "files": [
                    "bootstrap.php"
                ]
            },
            "notification-url": "https://packagist.org/downloads/",
            "license": [
                "MIT"
            ],
            "authors": [
                {
                    "name": "Nicolas Grekas",
                    "email": "p@tchwork.com"
                },
                {
                    "name": "Symfony Community",
                    "homepage": "https://symfony.com/contributors"
                }
            ],
            "description": "Symfony polyfill backporting some PHP 5.6+ features to lower PHP versions",
            "homepage": "https://symfony.com",
            "keywords": [
                "compatibility",
                "polyfill",
                "portable",
                "shim"
            ],
            "time": "2017-10-11T12:05:26+00:00"
        },
        {
            "name": "symfony/polyfill-util",
            "version": "v1.6.0",
            "source": {
                "type": "git",
                "url": "https://github.com/symfony/polyfill-util.git",
                "reference": "6e719200c8e540e0c0effeb31f96bdb344b94176"
            },
            "dist": {
                "type": "zip",
                "url": "https://api.github.com/repos/symfony/polyfill-util/zipball/6e719200c8e540e0c0effeb31f96bdb344b94176",
                "reference": "6e719200c8e540e0c0effeb31f96bdb344b94176",
                "shasum": ""
            },
            "require": {
                "php": ">=5.3.3"
            },
            "type": "library",
            "extra": {
                "branch-alias": {
                    "dev-master": "1.6-dev"
                }
            },
            "autoload": {
                "psr-4": {
                    "Symfony\\Polyfill\\Util\\": ""
                }
            },
            "notification-url": "https://packagist.org/downloads/",
            "license": [
                "MIT"
            ],
            "authors": [
                {
                    "name": "Nicolas Grekas",
                    "email": "p@tchwork.com"
                },
                {
                    "name": "Symfony Community",
                    "homepage": "https://symfony.com/contributors"
                }
            ],
            "description": "Symfony utilities for portability of PHP codes",
            "homepage": "https://symfony.com",
            "keywords": [
                "compat",
                "compatibility",
                "polyfill",
                "shim"
            ],
            "time": "2017-10-11T12:05:26+00:00"
        }
    ],
    "packages-dev": [
        {
            "name": "christian-riesen/base32",
            "version": "1.3.1",
            "source": {
                "type": "git",
                "url": "https://github.com/ChristianRiesen/base32.git",
                "reference": "0a31e50c0fa9b1692d077c86ac188eecdcbaf7fa"
            },
            "dist": {
                "type": "zip",
                "url": "https://api.github.com/repos/ChristianRiesen/base32/zipball/0a31e50c0fa9b1692d077c86ac188eecdcbaf7fa",
                "reference": "0a31e50c0fa9b1692d077c86ac188eecdcbaf7fa",
                "shasum": ""
            },
            "require": {
                "php": ">=5.3.0"
            },
            "require-dev": {
                "phpunit/phpunit": "4.*",
                "satooshi/php-coveralls": "0.*"
            },
            "type": "library",
            "extra": {
                "branch-alias": {
                    "dev-master": "1.1.x-dev"
                }
            },
            "autoload": {
                "psr-4": {
                    "Base32\\": "src/"
                }
            },
            "notification-url": "https://packagist.org/downloads/",
            "license": [
                "MIT"
            ],
            "authors": [
                {
                    "name": "Christian Riesen",
                    "email": "chris.riesen@gmail.com",
                    "homepage": "http://christianriesen.com",
                    "role": "Developer"
                }
            ],
            "description": "Base32 encoder/decoder according to RFC 4648",
            "homepage": "https://github.com/ChristianRiesen/base32",
            "keywords": [
                "base32",
                "decode",
                "encode",
                "rfc4648"
            ],
            "time": "2016-05-05T11:49:03+00:00"
        },
        {
            "name": "facebook/webdriver",
            "version": "1.5.0",
            "source": {
                "type": "git",
                "url": "https://github.com/facebook/php-webdriver.git",
                "reference": "86b5ca2f67173c9d34340845dd690149c886a605"
            },
            "dist": {
                "type": "zip",
                "url": "https://api.github.com/repos/facebook/php-webdriver/zipball/86b5ca2f67173c9d34340845dd690149c886a605",
                "reference": "86b5ca2f67173c9d34340845dd690149c886a605",
                "shasum": ""
            },
            "require": {
                "ext-curl": "*",
                "ext-zip": "*",
                "php": "^5.6 || ~7.0",
                "symfony/process": "^2.8 || ^3.1 || ^4.0"
            },
            "require-dev": {
                "friendsofphp/php-cs-fixer": "^2.0",
                "guzzle/guzzle": "^3.4.1",
                "php-coveralls/php-coveralls": "^1.0.2",
                "php-mock/php-mock-phpunit": "^1.1",
                "phpunit/phpunit": "^5.7",
                "sebastian/environment": "^1.3.4 || ^2.0 || ^3.0",
                "squizlabs/php_codesniffer": "^2.6",
                "symfony/var-dumper": "^3.3 || ^4.0"
            },
            "type": "library",
            "extra": {
                "branch-alias": {
                    "dev-community": "1.5-dev"
                }
            },
            "autoload": {
                "psr-4": {
                    "Facebook\\WebDriver\\": "lib/"
                }
            },
            "notification-url": "https://packagist.org/downloads/",
            "license": [
                "Apache-2.0"
            ],
            "description": "A PHP client for Selenium WebDriver",
            "homepage": "https://github.com/facebook/php-webdriver",
            "keywords": [
                "facebook",
                "php",
                "selenium",
                "webdriver"
            ],
            "time": "2017-11-15T11:08:09+00:00"
        },
        {
            "name": "symfony/process",
            "version": "v3.4.2",
            "source": {
                "type": "git",
                "url": "https://github.com/symfony/process.git",
                "reference": "bb3ef65d493a6d57297cad6c560ee04e2a8f5098"
            },
            "dist": {
                "type": "zip",
                "url": "https://api.github.com/repos/symfony/process/zipball/bb3ef65d493a6d57297cad6c560ee04e2a8f5098",
                "reference": "bb3ef65d493a6d57297cad6c560ee04e2a8f5098",
                "shasum": ""
            },
            "require": {
                "php": "^5.5.9|>=7.0.8"
            },
            "type": "library",
            "extra": {
                "branch-alias": {
                    "dev-master": "3.4-dev"
                }
            },
            "autoload": {
                "psr-4": {
                    "Symfony\\Component\\Process\\": ""
                },
                "exclude-from-classmap": [
                    "/Tests/"
                ]
            },
            "notification-url": "https://packagist.org/downloads/",
            "license": [
                "MIT"
            ],
            "authors": [
                {
                    "name": "Fabien Potencier",
                    "email": "fabien@symfony.com"
                },
                {
                    "name": "Symfony Community",
                    "homepage": "https://symfony.com/contributors"
                }
            ],
            "description": "Symfony Process Component",
            "homepage": "https://symfony.com",
            "time": "2017-12-14T19:40:10+00:00"
        }
    ],
    "aliases": [],
    "minimum-stability": "stable",
    "stability-flags": [],
    "prefer-stable": false,
    "prefer-lowest": false,
    "platform": [],
    "platform-dev": [],
    "platform-overrides": {
        "php": "5.6"
    }
}
